
Microsoft Visual Studio Solution File, Format Version 12.00
# Visual Studio 2012
Project("{FAE04EC0-301F-11D3-BF4B-00C04F79EFBC}") = "SpaceFightMonoGame", "SpaceFightMonoGame\SpaceFightMonoGame.csproj", "{1399EB8E-9A05-40F2-8A76-38CD83C27184}"
EndProject
Global
	GlobalSection(SolutionConfigurationPlatforms) = preSolution
		Debug|x86 = Debug|x86
		Release|x86 = Release|x86
	EndGlobalSection
	GlobalSection(ProjectConfigurationPlatforms) = postSolution
		{1399EB8E-9A05-40F2-8A76-38CD83C27184}.Debug|x86.ActiveCfg = Debug|x86
		{1399EB8E-9A05-40F2-8A76-38CD83C27184}.Debug|x86.Build.0 = Debug|x86
		{1399EB8E-9A05-40F2-8A76-38CD83C27184}.Release|x86.ActiveCfg = Release|x86
		{1399EB8E-9A05-40F2-8A76-38CD83C27184}.Release|x86.Build.0 = Release|x86
	EndGlobalSection
	GlobalSection(SolutionProperties) = preSolution
		HideSolutionNode = FALSE
	EndGlobalSection
EndGlobal
